{
  "name": "Statistic-Display",
  "lockfileVersion": 3,
  "requires": true,
  "packages": {
    "": {
      "dependencies": {
        "@minecraft/server": "^2.8.0"
      }
    },
    "node_modules/@minecraft/common": {
      "version": "1.3.0",
      "resolved": "https://registry.npmjs.org/@minecraft/common/-/common-1.3.0.tgz",
      "integrity": "sha512-GLT8USFhvEyeTTFHZAgszbrnoT007hmXmK+aO4l+2A1up9/zwZ+4e8R8F0KcKrCWDjLEqkOJtPow0hQCcNJ++Q==",
      "license": "MIT",
      "peer": true
    },
    "node_modules/@minecraft/server": {
      "version": "2.8.0",
      "resolved": "https://registry.npmjs.org/@minecraft/server/-/server-2.8.0.tgz",
      "integrity": "sha512-5VPlToP3IihUWrLHQJdNPSq++vPYnB+IZUVdO6kJ/VWVE29pN230f9SiCD28XU+Ujfh/EdjU3anktXG77pjWLA==",
      "license": "MIT",
      "peerDependencies": {
        "@minecraft/common": "^1.2.0",
        "@minecraft/vanilla-data": ">=1.20.70"
      }
    },
    "node_modules/@minecraft/vanilla-data": {
      "version": "1.26.20",
      "resolved": "https://registry.npmjs.org/@minecraft/vanilla-data/-/vanilla-data-1.26.20.tgz",
      "integrity": "sha512-bscvQ8TTQBWy/4PQj/XUFJuYDfjcEi2I4TTkn8aZpbY13tpFM+plviuprx0DGC2rMPZRWO1pizM51dx76sbpKw==",
      "license": "MIT",
      "peer": true
    }
  }
}
